// !$*UTF8*$!
{
	archiveVersion = 1;
	classes = {
	};
	objectVersion = 46;
	objects = {

/* Begin PBXBuildFile section */
		7DFA29D11980BAB5002D46D5 /* main.cpp in Sources */ = {isa = PBXBuildFile; fileRef = 7DFA29D01980BAB5002D46D5 /* main.cpp */; };
/* End PBXBuildFile section */

/* Begin PBXCopyFilesBuildPhase section */
		7DFA29CB1980BAB5002D46D5 /* CopyFiles */ = {
			isa = PBXCopyFilesBuildPhase;
			buildActionMask = 2147483647;
			dstPath = /usr/share/man/man1/;
			dstSubfolderSpec = 0;
			files = (
			);
			runOnlyForDeploymentPostprocessing = 1;
		};
/* End PBXCopyFilesBuildPhase section */

/* Begin PBXFileReference section */
		7DFA29CD1980BAB5002D46D5 /* openGL_GLUT */ = {isa = PBXFileReference; explicitFileType = "compiled.mach-o.executable"; includeInIndex = 0; path = openGL_GLUT; sourceTree = BUILT_PRODUCTS_DIR; };
		7DFA29D01980BAB5002D46D5 /* main.cpp */ = {isa = PBXFileReference; lastKnownFileType = sourcecode.cpp.cpp; path = main.cpp; sourceTree = "<group>"; };
/* End PBXFileReference section */

/* Begin PBXFrameworksBuildPhase section */
		7DFA29CA1980BAB5002D46D5 /* Frameworks */ = {
			isa = PBXFrameworksBuildPhase;
			buildActionMask = 2147483647;
			files = (
			);
			runOnlyForDeploymentPostprocessing = 0;
		};
/* End PBXFrameworksBuildPhase section */

/* Begin PBXGroup section */
		7DFA29C41980BAB5002D46D5 = {
			isa = PBXGroup;
			children = (
				7DFA29CF1980BAB5002D46D5 /* openGL_GLUT */,
				7DFA29CE1980BAB5002D46D5 /* Products */,
			);
			sourceTree = "<group>";
		};
		7DFA29CE1980BAB5002D46D5 /* Products */ = {
			isa = PBXGroup;
			children = (
				7DFA29CD1980BAB5002D46D5 /* openGL_GLUT */,
			);
			name = Products;
			sourceTree = "<group>";
		};
		7DFA29CF1980BAB5002D46D5 /* openGL_GLUT */ = {
			isa = PBXGroup;
			children = (
				7DFA29D01980BAB5002D46D5 /* main.cpp */,
			);
			path = openGL_GLUT;
			sourceTree = "<group>";
		};
/* End PBXGroup section */

/* Begin PBXNativeTarget section */
		7DFA29CC1980BAB5002D46D5 /* openGL_GLUT */ = {
			isa = PBXNativeTarget;
			buildConfigurationList = 7DFA29D41980BAB5002D46D5 /* Build configuration list for PBXNativeTarget "openGL_GLUT" */;
			buildPhases = (
				7DFA29C91980BAB5002D46D5 /* Sources */,
				7DFA29CA1980BAB5002D46D5 /* Frameworks */,
				7DFA29CB1980BAB5002D46D5 /* CopyFiles */,
			);
			buildRules = (
			);
			dependencies = (
			);
			name = openGL_GLUT;
			productName = openGL_GLUT;
			productReference = 7DFA29CD1980BAB5002D46D5 /* openGL_GLUT */;
			productType = "com.apple.product-type.tool";
		};
/* End PBXNativeTarget section */

/* Begin PBXProject section */
		7DFA29C51980BAB5002D46D5 /* Project object */ = {
			isa = PBXProject;
			attributes = {
				LastUpgradeCheck = 0600;
				ORGANIZATIONNAME = "Anish Pednekar";
				TargetAttributes = {
					7DFA29CC1980BAB5002D46D5 = {
						CreatedOnToolsVersion = 6.0;
					};
				};
			};
			buildConfigurationList = 7DFA29C81980BAB5002D46D5 /* Build configuration list for PBXProject "openGL_GLUT" */;
			compatibilityVersion = "Xcode 3.2";
			developmentRegion = English;
			hasScannedForEncodings = 0;
			knownRegions = (
				en,
			);
			mainGroup = 7DFA29C41980BAB5002D46D5;
			productRefGroup = 7DFA29CE1980BAB5002D46D5 /* Products */;
			projectDirPath = "";
			projectRoot = "";
			targets = (
				7DFA29CC1980BAB5002D46D5 /* openGL_GLUT */,
			);
		};
/* End PBXProject section */

/* Begin PBXSourcesBuildPhase section */
		7DFA29C91980BAB5002D46D5 /* Sources */ = {
			isa = PBXSourcesBuildPhase;
			buildActionMask = 2147483647;
			files = (
				7DFA29D11980BAB5002D46D5 /* main.cpp in Sources */,
			);
			runOnlyForDeploymentPostprocessing = 0;
		};
/* End PBXSourcesBuildPhase section */

/* Begin XCBuildConfiguration section */
		7DFA29D21980BAB5002D46D5 /* Debug */ = {
			isa = XCBuildConfiguration;
			buildSettings = {
				ALWAYS_SEARCH_USER_PATHS = NO;
				CLANG_CXX_LANGUAGE_STANDARD = "gnu++0x";
				CLANG_CXX_LIBRARY = "libc++";
				CLANG_ENABLE_MODULES = YES;
				CLANG_ENABLE_OBJC_ARC = YES;
				CLANG_WARN_BOOL_CONVERSION = YES;
				CLANG_WARN_CONSTANT_CONVERSION = YES;
				CLANG_WARN_DIRECT_OBJC_ISA_USAGE = YES_ERROR;
				CLANG_WARN_EMPTY_BODY = YES;
				CLANG_WARN_ENUM_CONVERSION = YES;
				CLANG_WARN_INT_CONVERSION = YES;
				CLANG_WARN_OBJC_ROOT_CLASS = YES_ERROR;
				CLANG_WARN_UNREACHABLE_CODE = YES;
				CLANG_WARN__DUPLICATE_METHOD_MATCH = YES;
				COPY_PHASE_STRIP = NO;
				ENABLE_STRICT_OBJC_MSGSEND = YES;
				GCC_C_LANGUAGE_STANDARD = gnu99;
				GCC_DYNAMIC_NO_PIC = NO;
				GCC_OPTIMIZATION_LEVEL = 0;
				GCC_PREPROCESSOR_DEFINITIONS = (
					"DEBUG=1",
					"$(inherited)",
				);
				GCC_SYMBOLS_PRIVATE_EXTERN = NO;
				GCC_WARN_64_TO_32_BIT_CONVERSION = YES;
				GCC_WARN_ABOUT_RETURN_TYPE = YES_ERROR;
				GCC_WARN_UNDECLARED_SELECTOR = YES;
				GCC_WARN_UNINITIALIZED_AUTOS = YES_AGGRESSIVE;
				GCC_WARN_UNUSED_FUNCTION = YES;
				GCC_WARN_UNUSED_VARIABLE = YES;
				MACOSX_DEPLOYMENT_TARGET = 10.9;
				MTL_ENABLE_DEBUG_INFO = YES;
				ONLY_ACTIVE_ARCH = YES;
				SDKROOT = macosx;
			};
			name = Debug;
		};
		7DFA29D31980BAB5002D46D5 /* Release */ = {
			isa = XCBuildConfiguration;
			buildSettings = {
				ALWAYS_SEARCH_USER_PATHS = NO;
				CLANG_CXX_LANGUAGE_STANDARD = "gnu++0x";
				CLANG_CXX_LIBRARY = "libc++";
				CLANG_ENABLE_MODULES = YES;
				CLANG_ENABLE_OBJC_ARC = YES;
				CLANG_WARN_BOOL_CONVERSION = YES;
				CLANG_WARN_CONSTANT_CONVERSION = YES;
				CLANG_WARN_DIRECT_OBJC_ISA_USAGE = YES_ERROR;
				CLANG_WARN_EMPTY_BODY = YES;
				CLANG_WARN_ENUM_CONVERSION = YES;
				CLANG_WARN_INT_CONVERSION = YES;
				CLANG_WARN_OBJC_ROOT_CLASS = YES_ERROR;
				CLANG_WARN_UNREACHABLE_CODE = YES;
				CLANG_WARN__DUPLICATE_METHOD_MATCH = YES;
				COPY_PHASE_STRIP = YES;
				DEBUG_INFORMATION_FORMAT = "dwarf-with-dsym";
				ENABLE_NS_ASSERTIONS = NO;
				ENABLE_STRICT_OBJC_MSGSEND = YES;
				GCC_C_LANGUAGE_STANDARD = gnu99;
				GCC_WARN_64_TO_32_BIT_CONVERSION = YES;
				GCC_WARN_ABOUT_RETURN_TYPE = YES_ERROR;
				GCC_WARN_UNDECLARED_SELECTOR = YES;
				GCC_WARN_UNINITIALIZED_AUTOS = YES_AGGRESSIVE;
				GCC_WARN_UNUSED_FUNCTION = YES;
				GCC_WARN_UNUSED_VARIABLE = YES;
				MACOSX_DEPLOYMENT_TARGET = 10.9;
				MTL_ENABLE_DEBUG_INFO = NO;
				SDKROOT = macosx;
			};
			name = Release;
		};
		7DFA29D51980BAB5002D46D5 /* Debug */ = {
			isa = XCBuildConfiguration;
			buildSettings = {
				PRODUCT_NAME = "$(TARGET_NAME)";
			};
			name = Debug;
		};
		7DFA29D61980BAB5002D46D5 /* Release */ = {
			isa = XCBuildConfiguration;
			buildSettings = {
				PRODUCT_NAME = "$(TARGET_NAME)";
			};
			name = Release;
		};
/* End XCBuildConfiguration section */

/* Begin XCConfigurationList section */
		7DFA29C81980BAB5002D46D5 /* Build configuration list for PBXProject "openGL_GLUT" */ = {
			isa = XCConfigurationList;
			buildConfigurations = (
				7DFA29D21980BAB5002D46D5 /* Debug */,
				7DFA29D31980BAB5002D46D5 /* Release */,
			);
			defaultConfigurationIsVisible = 0;
			defaultConfigurationName = Release;
		};
		7DFA29D41980BAB5002D46D5 /* Build configuration list for PBXNativeTarget "openGL_GLUT" */ = {
			isa = XCConfigurationList;
			buildConfigurations = (
				7DFA29D51980BAB5002D46D5 /* Debug */,
				7DFA29D61980BAB5002D46D5 /* Release */,
			);
			defaultConfigurationIsVisible = 0;
		};
/* End XCConfigurationList section */
	};
	rootObject = 7DFA29C51980BAB5002D46D5 /* Project object */;
}
